
Microsoft Visual Studio Solution File, Format Version 12.00
# Visual Studio Version 16
VisualStudioVersion = 16.0.32929.386
MinimumVisualStudioVersion = 10.0.40219.1
Project("{9A19103F-16F7-4668-BE54-9A1E7A4F7556}") = "ConsoleApp4", "ConsoleApp4\ConsoleApp4.csproj", "{91CB1DFF-D976-42B7-A3D1-A16B9AF6006F}"
EndProject
Project("{FAE04EC0-301F-11D3-BF4B-00C04F79EFBC}") = "ConsoleApp5", "ConsoleApp5\ConsoleApp5.csproj", "{CBEADFB8-94F1-41FB-8E2A-6E9220EE89DD}"
EndProject
Global
	GlobalSection(SolutionConfigurationPlatforms) = preSolution
		Debug|Any CPU = Debug|Any CPU
		Release|Any CPU = Release|Any CPU
	EndGlobalSection
	GlobalSection(ProjectConfigurationPlatforms) = postSolution
		{91CB1DFF-D976-42B7-A3D1-A16B9AF6006F}.Debug|Any CPU.ActiveCfg = Debug|Any CPU
		{91CB1DFF-D976-42B7-A3D1-A16B9AF6006F}.Debug|Any CPU.Build.0 = Debug|Any CPU
		{91CB1DFF-D976-42B7-A3D1-A16B9AF6006F}.Release|Any CPU.ActiveCfg = Release|Any CPU
		{91CB1DFF-D976-42B7-A3D1-A16B9AF6006F}.Release|Any CPU.Build.0 = Release|Any CPU
		{CBEADFB8-94F1-41FB-8E2A-6E9220EE89DD}.Debug|Any CPU.ActiveCfg = Debug|Any CPU
		{CBEADFB8-94F1-41FB-8E2A-6E9220EE89DD}.Debug|Any CPU.Build.0 = Debug|Any CPU
		{CBEADFB8-94F1-41FB-8E2A-6E9220EE89DD}.Release|Any CPU.ActiveCfg = Release|Any CPU
		{CBEADFB8-94F1-41FB-8E2A-6E9220EE89DD}.Release|Any CPU.Build.0 = Release|Any CPU
	EndGlobalSection
	GlobalSection(SolutionProperties) = preSolution
		HideSolutionNode = FALSE
	EndGlobalSection
	GlobalSection(ExtensibilityGlobals) = postSolution
		SolutionGuid = {8F7DDF65-6FB3-47CE-83F1-649698663773}
	EndGlobalSection
EndGlobal
