
Microsoft Visual Studio Solution File, Format Version 12.00
# Visual Studio Version 16
VisualStudioVersion = 16.0.31702.278
MinimumVisualStudioVersion = 10.0.40219.1
Project("{FAE04EC0-301F-11D3-BF4B-00C04F79EFBC}") = "Gorsel4.hafta", "Gorsel4.hafta.csproj", "{9C5B6367-93A5-4405-942E-10AA63A6B588}"
EndProject
Project("{FAE04EC0-301F-11D3-BF4B-00C04F79EFBC}") = "Gorsel4Odev1", "..\Gorsel4Odev1\Gorsel4Odev1.csproj", "{294299DB-F331-4BA5-ABE7-F9282C2CD1D4}"
EndProject
Project("{FAE04EC0-301F-11D3-BF4B-00C04F79EFBC}") = "OgretmenAtamaOdev4", "..\OgretmenAtamaOdev4\OgretmenAtamaOdev4.csproj", "{FBF9A478-35C3-487D-99CC-79A9B1162949}"
EndProject
Project("{FAE04EC0-301F-11D3-BF4B-00C04F79EFBC}") = "MuratHocaRandom", "..\MuratHocaRandom\MuratHocaRandom.csproj", "{28FE7954-F6F3-41EE-AB9F-E463DD120833}"
EndProject
Project("{FAE04EC0-301F-11D3-BF4B-00C04F79EFBC}") = "3boyutlumatriscarpimi", "..\3boyutlumatriscarpimi\3boyutlumatriscarpimi.csproj", "{AA20774A-E33F-43A8-9EED-17FA03ED4810}"
EndProject
Global
	GlobalSection(SolutionConfigurationPlatforms) = preSolution
		Debug|Any CPU = Debug|Any CPU
		Release|Any CPU = Release|Any CPU
	EndGlobalSection
	GlobalSection(ProjectConfigurationPlatforms) = postSolution
		{9C5B6367-93A5-4405-942E-10AA63A6B588}.Debug|Any CPU.ActiveCfg = Debug|Any CPU
		{9C5B6367-93A5-4405-942E-10AA63A6B588}.Debug|Any CPU.Build.0 = Debug|Any CPU
		{9C5B6367-93A5-4405-942E-10AA63A6B588}.Release|Any CPU.ActiveCfg = Release|Any CPU
		{9C5B6367-93A5-4405-942E-10AA63A6B588}.Release|Any CPU.Build.0 = Release|Any CPU
		{294299DB-F331-4BA5-ABE7-F9282C2CD1D4}.Debug|Any CPU.ActiveCfg = Debug|Any CPU
		{294299DB-F331-4BA5-ABE7-F9282C2CD1D4}.Debug|Any CPU.Build.0 = Debug|Any CPU
		{294299DB-F331-4BA5-ABE7-F9282C2CD1D4}.Release|Any CPU.ActiveCfg = Release|Any CPU
		{294299DB-F331-4BA5-ABE7-F9282C2CD1D4}.Release|Any CPU.Build.0 = Release|Any CPU
		{FBF9A478-35C3-487D-99CC-79A9B1162949}.Debug|Any CPU.ActiveCfg = Debug|Any CPU
		{FBF9A478-35C3-487D-99CC-79A9B1162949}.Debug|Any CPU.Build.0 = Debug|Any CPU
		{FBF9A478-35C3-487D-99CC-79A9B1162949}.Release|Any CPU.ActiveCfg = Release|Any CPU
		{FBF9A478-35C3-487D-99CC-79A9B1162949}.Release|Any CPU.Build.0 = Release|Any CPU
		{28FE7954-F6F3-41EE-AB9F-E463DD120833}.Debug|Any CPU.ActiveCfg = Debug|Any CPU
		{28FE7954-F6F3-41EE-AB9F-E463DD120833}.Debug|Any CPU.Build.0 = Debug|Any CPU
		{28FE7954-F6F3-41EE-AB9F-E463DD120833}.Release|Any CPU.ActiveCfg = Release|Any CPU
		{28FE7954-F6F3-41EE-AB9F-E463DD120833}.Release|Any CPU.Build.0 = Release|Any CPU
		{AA20774A-E33F-43A8-9EED-17FA03ED4810}.Debug|Any CPU.ActiveCfg = Debug|Any CPU
		{AA20774A-E33F-43A8-9EED-17FA03ED4810}.Debug|Any CPU.Build.0 = Debug|Any CPU
		{AA20774A-E33F-43A8-9EED-17FA03ED4810}.Release|Any CPU.ActiveCfg = Release|Any CPU
		{AA20774A-E33F-43A8-9EED-17FA03ED4810}.Release|Any CPU.Build.0 = Release|Any CPU
	EndGlobalSection
	GlobalSection(SolutionProperties) = preSolution
		HideSolutionNode = FALSE
	EndGlobalSection
	GlobalSection(ExtensibilityGlobals) = postSolution
		SolutionGuid = {A2513038-9650-4D05-95D5-EFF26628A1EC}
	EndGlobalSection
EndGlobal
