
Microsoft Visual Studio Solution File, Format Version 12.00
# Visual Studio Version 16
VisualStudioVersion = 16.0.31702.278
MinimumVisualStudioVersion = 10.0.40219.1
Project("{FAE04EC0-301F-11D3-BF4B-00C04F79EFBC}") = "MagazaIndirimi3.hafta", "MagazaIndirimi3.hafta.csproj", "{06F97BF8-5426-444B-A9D6-AEF4DBDCC50E}"
EndProject
Global
	GlobalSection(SolutionConfigurationPlatforms) = preSolution
		Debug|Any CPU = Debug|Any CPU
		Release|Any CPU = Release|Any CPU
	EndGlobalSection
	GlobalSection(ProjectConfigurationPlatforms) = postSolution
		{06F97BF8-5426-444B-A9D6-AEF4DBDCC50E}.Debug|Any CPU.ActiveCfg = Debug|Any CPU
		{06F97BF8-5426-444B-A9D6-AEF4DBDCC50E}.Debug|Any CPU.Build.0 = Debug|Any CPU
		{06F97BF8-5426-444B-A9D6-AEF4DBDCC50E}.Release|Any CPU.ActiveCfg = Release|Any CPU
		{06F97BF8-5426-444B-A9D6-AEF4DBDCC50E}.Release|Any CPU.Build.0 = Release|Any CPU
	EndGlobalSection
	GlobalSection(SolutionProperties) = preSolution
		HideSolutionNode = FALSE
	EndGlobalSection
	GlobalSection(ExtensibilityGlobals) = postSolution
		SolutionGuid = {550437BB-BDCC-4CBC-A82A-F1A763A86FCA}
	EndGlobalSection
EndGlobal
