
Microsoft Visual Studio Solution File, Format Version 12.00
# Visual Studio Version 16
VisualStudioVersion = 16.0.31702.278
MinimumVisualStudioVersion = 10.0.40219.1
Project("{FAE04EC0-301F-11D3-BF4B-00C04F79EFBC}") = "7hafta", "7hafta.csproj", "{491E5FC9-DD07-4C7E-966C-D5058B3D53AD}"
EndProject
Project("{FAE04EC0-301F-11D3-BF4B-00C04F79EFBC}") = "Islemler", "..\Islemler\Islemler.csproj", "{CC055810-7984-43A1-8C0B-0DB532ED2E43}"
EndProject
Project("{FAE04EC0-301F-11D3-BF4B-00C04F79EFBC}") = "Odev7Hafta", "..\Odev7Hafta\Odev7Hafta.csproj", "{B6F23C68-A7B8-46E1-88FF-CDB50AC7C380}"
EndProject
Project("{FAE04EC0-301F-11D3-BF4B-00C04F79EFBC}") = "Islemler7hafta", "..\Islemler7hafta\Islemler7hafta.csproj", "{37AF7A0F-F1A2-4667-A498-97F0848F228B}"
EndProject
Global
	GlobalSection(SolutionConfigurationPlatforms) = preSolution
		Debug|Any CPU = Debug|Any CPU
		Release|Any CPU = Release|Any CPU
	EndGlobalSection
	GlobalSection(ProjectConfigurationPlatforms) = postSolution
		{491E5FC9-DD07-4C7E-966C-D5058B3D53AD}.Debug|Any CPU.ActiveCfg = Debug|Any CPU
		{491E5FC9-DD07-4C7E-966C-D5058B3D53AD}.Debug|Any CPU.Build.0 = Debug|Any CPU
		{491E5FC9-DD07-4C7E-966C-D5058B3D53AD}.Release|Any CPU.ActiveCfg = Release|Any CPU
		{491E5FC9-DD07-4C7E-966C-D5058B3D53AD}.Release|Any CPU.Build.0 = Release|Any CPU
		{CC055810-7984-43A1-8C0B-0DB532ED2E43}.Debug|Any CPU.ActiveCfg = Debug|Any CPU
		{CC055810-7984-43A1-8C0B-0DB532ED2E43}.Debug|Any CPU.Build.0 = Debug|Any CPU
		{CC055810-7984-43A1-8C0B-0DB532ED2E43}.Release|Any CPU.ActiveCfg = Release|Any CPU
		{CC055810-7984-43A1-8C0B-0DB532ED2E43}.Release|Any CPU.Build.0 = Release|Any CPU
		{B6F23C68-A7B8-46E1-88FF-CDB50AC7C380}.Debug|Any CPU.ActiveCfg = Debug|Any CPU
		{B6F23C68-A7B8-46E1-88FF-CDB50AC7C380}.Debug|Any CPU.Build.0 = Debug|Any CPU
		{B6F23C68-A7B8-46E1-88FF-CDB50AC7C380}.Release|Any CPU.ActiveCfg = Release|Any CPU
		{B6F23C68-A7B8-46E1-88FF-CDB50AC7C380}.Release|Any CPU.Build.0 = Release|Any CPU
		{37AF7A0F-F1A2-4667-A498-97F0848F228B}.Debug|Any CPU.ActiveCfg = Debug|Any CPU
		{37AF7A0F-F1A2-4667-A498-97F0848F228B}.Debug|Any CPU.Build.0 = Debug|Any CPU
		{37AF7A0F-F1A2-4667-A498-97F0848F228B}.Release|Any CPU.ActiveCfg = Release|Any CPU
		{37AF7A0F-F1A2-4667-A498-97F0848F228B}.Release|Any CPU.Build.0 = Release|Any CPU
	EndGlobalSection
	GlobalSection(SolutionProperties) = preSolution
		HideSolutionNode = FALSE
	EndGlobalSection
	GlobalSection(ExtensibilityGlobals) = postSolution
		SolutionGuid = {FC2F653A-979A-4892-960E-66E7C9BDE59E}
	EndGlobalSection
EndGlobal
